// !$*UTF8*$!
{
	archiveVersion = 1;
	classes = {
	};
	objectVersion = 48;
	objects = {

/* Begin PBXBuildFile section */
		9C44B241209077410062CF6C /* main.cpp in Sources */ = {isa = PBXBuildFile; fileRef = 9C44B240209077410062CF6C /* main.cpp */; };
		9C44B249209078180062CF6C /* unwindingObj.cpp in Sources */ = {isa = PBXBuildFile; fileRef = 9C44B247209078180062CF6C /* unwindingObj.cpp */; };
		9C44B24D209086520062CF6C /* scopeBuffer.cpp in Sources */ = {isa = PBXBuildFile; fileRef = 9C44B24B209086520062CF6C /* scopeBuffer.cpp */; };
/* End PBXBuildFile section */

/* Begin PBXCopyFilesBuildPhase section */
		9C44B23B209077410062CF6C /* CopyFiles */ = {
			isa = PBXCopyFilesBuildPhase;
			buildActionMask = 2147483647;
			dstPath = /usr/share/man/man1/;
			dstSubfolderSpec = 0;
			files = (
			);
			runOnlyForDeploymentPostprocessing = 1;
		};
/* End PBXCopyFilesBuildPhase section */

/* Begin PBXFileReference section */
		9C44B23D209077410062CF6C /* abbyyCompilatorsAndLanguages */ = {isa = PBXFileReference; explicitFileType = "compiled.mach-o.executable"; includeInIndex = 0; path = abbyyCompilatorsAndLanguages; sourceTree = BUILT_PRODUCTS_DIR; };
		9C44B240209077410062CF6C /* main.cpp */ = {isa = PBXFileReference; lastKnownFileType = sourcecode.cpp.cpp; path = main.cpp; sourceTree = "<group>"; };
		9C44B247209078180062CF6C /* unwindingObj.cpp */ = {isa = PBXFileReference; lastKnownFileType = sourcecode.cpp.cpp; path = unwindingObj.cpp; sourceTree = "<group>"; };
		9C44B248209078180062CF6C /* unwindingObj.hpp */ = {isa = PBXFileReference; lastKnownFileType = sourcecode.cpp.h; path = unwindingObj.hpp; sourceTree = "<group>"; };
		9C44B24A209084430062CF6C /* global.h */ = {isa = PBXFileReference; lastKnownFileType = sourcecode.c.h; path = global.h; sourceTree = "<group>"; };
		9C44B24B209086520062CF6C /* scopeBuffer.cpp */ = {isa = PBXFileReference; lastKnownFileType = sourcecode.cpp.cpp; path = scopeBuffer.cpp; sourceTree = "<group>"; };
		9C44B24C209086520062CF6C /* scopeBuffer.hpp */ = {isa = PBXFileReference; lastKnownFileType = sourcecode.cpp.h; path = scopeBuffer.hpp; sourceTree = "<group>"; };
		9C44B24F209089610062CF6C /* testObject.hpp */ = {isa = PBXFileReference; lastKnownFileType = sourcecode.cpp.h; path = testObject.hpp; sourceTree = "<group>"; };
/* End PBXFileReference section */

/* Begin PBXFrameworksBuildPhase section */
		9C44B23A209077410062CF6C /* Frameworks */ = {
			isa = PBXFrameworksBuildPhase;
			buildActionMask = 2147483647;
			files = (
			);
			runOnlyForDeploymentPostprocessing = 0;
		};
/* End PBXFrameworksBuildPhase section */

/* Begin PBXGroup section */
		9C44B234209077410062CF6C = {
			isa = PBXGroup;
			children = (
				9C44B23F209077410062CF6C /* abbyyCompilatorsAndLanguages */,
				9C44B23E209077410062CF6C /* Products */,
			);
			sourceTree = "<group>";
		};
		9C44B23E209077410062CF6C /* Products */ = {
			isa = PBXGroup;
			children = (
				9C44B23D209077410062CF6C /* abbyyCompilatorsAndLanguages */,
			);
			name = Products;
			sourceTree = "<group>";
		};
		9C44B23F209077410062CF6C /* abbyyCompilatorsAndLanguages */ = {
			isa = PBXGroup;
			children = (
				9C44B240209077410062CF6C /* main.cpp */,
				9C44B24F209089610062CF6C /* testObject.hpp */,
				9C44B24B209086520062CF6C /* scopeBuffer.cpp */,
				9C44B24C209086520062CF6C /* scopeBuffer.hpp */,
				9C44B24A209084430062CF6C /* global.h */,
				9C44B247209078180062CF6C /* unwindingObj.cpp */,
				9C44B248209078180062CF6C /* unwindingObj.hpp */,
			);
			path = abbyyCompilatorsAndLanguages;
			sourceTree = "<group>";
		};
/* End PBXGroup section */

/* Begin PBXNativeTarget section */
		9C44B23C209077410062CF6C /* abbyyCompilatorsAndLanguages */ = {
			isa = PBXNativeTarget;
			buildConfigurationList = 9C44B244209077410062CF6C /* Build configuration list for PBXNativeTarget "abbyyCompilatorsAndLanguages" */;
			buildPhases = (
				9C44B239209077410062CF6C /* Sources */,
				9C44B23A209077410062CF6C /* Frameworks */,
				9C44B23B209077410062CF6C /* CopyFiles */,
			);
			buildRules = (
			);
			dependencies = (
			);
			name = abbyyCompilatorsAndLanguages;
			productName = abbyyCompilatorsAndLanguages;
			productReference = 9C44B23D209077410062CF6C /* abbyyCompilatorsAndLanguages */;
			productType = "com.apple.product-type.tool";
		};
/* End PBXNativeTarget section */

/* Begin PBXProject section */
		9C44B235209077410062CF6C /* Project object */ = {
			isa = PBXProject;
			attributes = {
				LastUpgradeCheck = 0920;
				ORGANIZATIONNAME = "Clumpy Tuna";
				TargetAttributes = {
					9C44B23C209077410062CF6C = {
						CreatedOnToolsVersion = 9.2;
						ProvisioningStyle = Automatic;
					};
				};
			};
			buildConfigurationList = 9C44B238209077410062CF6C /* Build configuration list for PBXProject "abbyyCompilatorsAndLanguages" */;
			compatibilityVersion = "Xcode 8.0";
			developmentRegion = en;
			hasScannedForEncodings = 0;
			knownRegions = (
				en,
			);
			mainGroup = 9C44B234209077410062CF6C;
			productRefGroup = 9C44B23E209077410062CF6C /* Products */;
			projectDirPath = "";
			projectRoot = "";
			targets = (
				9C44B23C209077410062CF6C /* abbyyCompilatorsAndLanguages */,
			);
		};
/* End PBXProject section */

/* Begin PBXSourcesBuildPhase section */
		9C44B239209077410062CF6C /* Sources */ = {
			isa = PBXSourcesBuildPhase;
			buildActionMask = 2147483647;
			files = (
				9C44B241209077410062CF6C /* main.cpp in Sources */,
				9C44B24D209086520062CF6C /* scopeBuffer.cpp in Sources */,
				9C44B249209078180062CF6C /* unwindingObj.cpp in Sources */,
			);
			runOnlyForDeploymentPostprocessing = 0;
		};
/* End PBXSourcesBuildPhase section */

/* Begin XCBuildConfiguration section */
		9C44B242209077410062CF6C /* Debug */ = {
			isa = XCBuildConfiguration;
			buildSettings = {
				ALWAYS_SEARCH_USER_PATHS = NO;
				CLANG_ANALYZER_NONNULL = YES;
				CLANG_ANALYZER_NUMBER_OBJECT_CONVERSION = YES_AGGRESSIVE;
				CLANG_CXX_LANGUAGE_STANDARD = "gnu++14";
				CLANG_CXX_LIBRARY = "libc++";
				CLANG_ENABLE_MODULES = YES;
				CLANG_ENABLE_OBJC_ARC = YES;
				CLANG_WARN_BLOCK_CAPTURE_AUTORELEASING = YES;
				CLANG_WARN_BOOL_CONVERSION = YES;
				CLANG_WARN_COMMA = YES;
				CLANG_WARN_CONSTANT_CONVERSION = YES;
				CLANG_WARN_DIRECT_OBJC_ISA_USAGE = YES_ERROR;
				CLANG_WARN_DOCUMENTATION_COMMENTS = YES;
				CLANG_WARN_EMPTY_BODY = YES;
				CLANG_WARN_ENUM_CONVERSION = YES;
				CLANG_WARN_INFINITE_RECURSION = YES;
				CLANG_WARN_INT_CONVERSION = YES;
				CLANG_WARN_NON_LITERAL_NULL_CONVERSION = YES;
				CLANG_WARN_OBJC_LITERAL_CONVERSION = YES;
				CLANG_WARN_OBJC_ROOT_CLASS = YES_ERROR;
				CLANG_WARN_RANGE_LOOP_ANALYSIS = YES;
				CLANG_WARN_STRICT_PROTOTYPES = YES;
				CLANG_WARN_SUSPICIOUS_MOVE = YES;
				CLANG_WARN_UNGUARDED_AVAILABILITY = YES_AGGRESSIVE;
				CLANG_WARN_UNREACHABLE_CODE = YES;
				CLANG_WARN__DUPLICATE_METHOD_MATCH = YES;
				CODE_SIGN_IDENTITY = "Mac Developer";
				COPY_PHASE_STRIP = NO;
				DEBUG_INFORMATION_FORMAT = dwarf;
				ENABLE_STRICT_OBJC_MSGSEND = YES;
				ENABLE_TESTABILITY = YES;
				GCC_C_LANGUAGE_STANDARD = gnu11;
				GCC_DYNAMIC_NO_PIC = NO;
				GCC_NO_COMMON_BLOCKS = YES;
				GCC_OPTIMIZATION_LEVEL = 0;
				GCC_PREPROCESSOR_DEFINITIONS = (
					"DEBUG=1",
					"$(inherited)",
				);
				GCC_WARN_64_TO_32_BIT_CONVERSION = YES;
				GCC_WARN_ABOUT_RETURN_TYPE = YES_ERROR;
				GCC_WARN_UNDECLARED_SELECTOR = YES;
				GCC_WARN_UNINITIALIZED_AUTOS = YES_AGGRESSIVE;
				GCC_WARN_UNUSED_FUNCTION = YES;
				GCC_WARN_UNUSED_VARIABLE = YES;
				MACOSX_DEPLOYMENT_TARGET = 10.13;
				MTL_ENABLE_DEBUG_INFO = YES;
				ONLY_ACTIVE_ARCH = YES;
				SDKROOT = macosx;
			};
			name = Debug;
		};
		9C44B243209077410062CF6C /* Release */ = {
			isa = XCBuildConfiguration;
			buildSettings = {
				ALWAYS_SEARCH_USER_PATHS = NO;
				CLANG_ANALYZER_NONNULL = YES;
				CLANG_ANALYZER_NUMBER_OBJECT_CONVERSION = YES_AGGRESSIVE;
				CLANG_CXX_LANGUAGE_STANDARD = "gnu++14";
				CLANG_CXX_LIBRARY = "libc++";
				CLANG_ENABLE_MODULES = YES;
				CLANG_ENABLE_OBJC_ARC = YES;
				CLANG_WARN_BLOCK_CAPTURE_AUTORELEASING = YES;
				CLANG_WARN_BOOL_CONVERSION = YES;
				CLANG_WARN_COMMA = YES;
				CLANG_WARN_CONSTANT_CONVERSION = YES;
				CLANG_WARN_DIRECT_OBJC_ISA_USAGE = YES_ERROR;
				CLANG_WARN_DOCUMENTATION_COMMENTS = YES;
				CLANG_WARN_EMPTY_BODY = YES;
				CLANG_WARN_ENUM_CONVERSION = YES;
				CLANG_WARN_INFINITE_RECURSION = YES;
				CLANG_WARN_INT_CONVERSION = YES;
				CLANG_WARN_NON_LITERAL_NULL_CONVERSION = YES;
				CLANG_WARN_OBJC_LITERAL_CONVERSION = YES;
				CLANG_WARN_OBJC_ROOT_CLASS = YES_ERROR;
				CLANG_WARN_RANGE_LOOP_ANALYSIS = YES;
				CLANG_WARN_STRICT_PROTOTYPES = YES;
				CLANG_WARN_SUSPICIOUS_MOVE = YES;
				CLANG_WARN_UNGUARDED_AVAILABILITY = YES_AGGRESSIVE;
				CLANG_WARN_UNREACHABLE_CODE = YES;
				CLANG_WARN__DUPLICATE_METHOD_MATCH = YES;
				CODE_SIGN_IDENTITY = "Mac Developer";
				COPY_PHASE_STRIP = NO;
				DEBUG_INFORMATION_FORMAT = "dwarf-with-dsym";
				ENABLE_NS_ASSERTIONS = NO;
				ENABLE_STRICT_OBJC_MSGSEND = YES;
				GCC_C_LANGUAGE_STANDARD = gnu11;
				GCC_NO_COMMON_BLOCKS = YES;
				GCC_WARN_64_TO_32_BIT_CONVERSION = YES;
				GCC_WARN_ABOUT_RETURN_TYPE = YES_ERROR;
				GCC_WARN_UNDECLARED_SELECTOR = YES;
				GCC_WARN_UNINITIALIZED_AUTOS = YES_AGGRESSIVE;
				GCC_WARN_UNUSED_FUNCTION = YES;
				GCC_WARN_UNUSED_VARIABLE = YES;
				MACOSX_DEPLOYMENT_TARGET = 10.13;
				MTL_ENABLE_DEBUG_INFO = NO;
				SDKROOT = macosx;
			};
			name = Release;
		};
		9C44B245209077410062CF6C /* Debug */ = {
			isa = XCBuildConfiguration;
			buildSettings = {
				CODE_SIGN_STYLE = Automatic;
				DEVELOPMENT_TEAM = ARK4D956C4;
				PRODUCT_NAME = "$(TARGET_NAME)";
			};
			name = Debug;
		};
		9C44B246209077410062CF6C /* Release */ = {
			isa = XCBuildConfiguration;
			buildSettings = {
				CODE_SIGN_STYLE = Automatic;
				DEVELOPMENT_TEAM = ARK4D956C4;
				PRODUCT_NAME = "$(TARGET_NAME)";
			};
			name = Release;
		};
/* End XCBuildConfiguration section */

/* Begin XCConfigurationList section */
		9C44B238209077410062CF6C /* Build configuration list for PBXProject "abbyyCompilatorsAndLanguages" */ = {
			isa = XCConfigurationList;
			buildConfigurations = (
				9C44B242209077410062CF6C /* Debug */,
				9C44B243209077410062CF6C /* Release */,
			);
			defaultConfigurationIsVisible = 0;
			defaultConfigurationName = Release;
		};
		9C44B244209077410062CF6C /* Build configuration list for PBXNativeTarget "abbyyCompilatorsAndLanguages" */ = {
			isa = XCConfigurationList;
			buildConfigurations = (
				9C44B245209077410062CF6C /* Debug */,
				9C44B246209077410062CF6C /* Release */,
			);
			defaultConfigurationIsVisible = 0;
			defaultConfigurationName = Release;
		};
/* End XCConfigurationList section */
	};
	rootObject = 9C44B235209077410062CF6C /* Project object */;
}
